# This file is automatically @generated by Cargo.
# It is not intended for manual editing.
version = 4

[[package]]
name = "bitflags"
version = "2.13.2"
source = "registry+https://github.com/rust-lang/crates.io-index"
checksum = "3ded4057c258ba199e2d26386d3af3780957ecaee6c4ef4041c6b4b8b97c0b06"

[[package]]
name = "clack-common"
version = "0.2.0"
source = "registry+https://github.com/rust-lang/crates.io-index"
checksum = "0ca905d78f46117492bce49e64a765f8b3f5c71794486a1369242721860e2640"
dependencies = [
 "bitflags",
 "clap-sys",
]

[[package]]
name = "clack-extensions"
version = "0.2.0"
source = "registry+https://github.com/rust-lang/crates.io-index"
checksum = "733d43b7ebd76a65931e8de2aa077200add4902514f4bda941c99326c14937dd"
dependencies = [
 "bitflags",
 "clack-common",
 "clack-plugin",
 "clap-sys",
]

[[package]]
name = "clack-plugin"
version = "0.2.0"
source = "registry+https://github.com/rust-lang/crates.io-index"
checksum = "d36954ed91d485b42f8329b12618e6ec398cc806a8e1f5ae8a50ccaba1d9b94f"
dependencies = [
 "clack-common",
 "clap-sys",
]

[[package]]
name = "clap-sys"
version = "0.5.0"
source = "registry+https://github.com/rust-lang/crates.io-index"
checksum = "a76abbdb2907f6fd97fb6bc0b7be96b77d328f2dd9669d1075cc03369ed22154"

[[package]]
name = "pulsegrid-test-synth"
version = "0.1.0"
dependencies = [
 "clack-common",
 "clack-extensions",
 "clack-plugin",
]
